
Microsoft Visual Studio Solution File, Format Version 12.00
# Visual Studio Version 16
VisualStudioVersion = 16.0.30320.27
MinimumVisualStudioVersion = 10.0.40219.1
Project("{FAE04EC0-301F-11D3-BF4B-00C04F79EFBC}") = "InterfaceTestTool", "InterfaceTestTool.csproj", "{7335722C-0729-424E-9F83-A027E6EC8CC6}"
EndProject
Project("{54435603-DBB4-11D2-8724-00A0C9A8B90C}") = "Test Tool", "..\Test Tool\Test Tool.vdproj", "{31905EE0-8833-4F91-BC93-F796AF02F0EB}"
EndProject
Global
	GlobalSection(SolutionConfigurationPlatforms) = preSolution
		Debug|Any CPU = Debug|Any CPU
		Release|Any CPU = Release|Any CPU
	EndGlobalSection
	GlobalSection(ProjectConfigurationPlatforms) = postSolution
		{7335722C-0729-424E-9F83-A027E6EC8CC6}.Debug|Any CPU.ActiveCfg = Debug|Any CPU
		{7335722C-0729-424E-9F83-A027E6EC8CC6}.Debug|Any CPU.Build.0 = Debug|Any CPU
		{7335722C-0729-424E-9F83-A027E6EC8CC6}.Release|Any CPU.ActiveCfg = Release|Any CPU
		{7335722C-0729-424E-9F83-A027E6EC8CC6}.Release|Any CPU.Build.0 = Release|Any CPU
		{31905EE0-8833-4F91-BC93-F796AF02F0EB}.Debug|Any CPU.ActiveCfg = Debug
		{31905EE0-8833-4F91-BC93-F796AF02F0EB}.Release|Any CPU.ActiveCfg = Release
	EndGlobalSection
	GlobalSection(SolutionProperties) = preSolution
		HideSolutionNode = FALSE
	EndGlobalSection
	GlobalSection(ExtensibilityGlobals) = postSolution
		SolutionGuid = {EEDEB5CC-40C1-4551-B4D3-4E572D178142}
	EndGlobalSection
EndGlobal
